
Microsoft Visual Studio Solution File, Format Version 11.00
# Visual C++ Express 2010
Project("{8BC9CEB8-8B4A-11D0-8D11-00A0C91BC942}") = "UniqueNameGenerator", "UniqueNameGenerator\UniqueNameGenerator.vcxproj", "{0B6AE510-24EE-4121-819D-7BADB8837F0A}"
EndProject
Global
	GlobalSection(SolutionConfigurationPlatforms) = preSolution
		Debug|Win32 = Debug|Win32
		Release|Win32 = Release|Win32
	EndGlobalSection
	GlobalSection(ProjectConfigurationPlatforms) = postSolution
		{0B6AE510-24EE-4121-819D-7BADB8837F0A}.Debug|Win32.ActiveCfg = Debug|Win32
		{0B6AE510-24EE-4121-819D-7BADB8837F0A}.Debug|Win32.Build.0 = Debug|Win32
		{0B6AE510-24EE-4121-819D-7BADB8837F0A}.Release|Win32.ActiveCfg = Release|Win32
		{0B6AE510-24EE-4121-819D-7BADB8837F0A}.Release|Win32.Build.0 = Release|Win32
	EndGlobalSection
	GlobalSection(SolutionProperties) = preSolution
		HideSolutionNode = FALSE
	EndGlobalSection
EndGlobal
